
Microsoft Visual Studio Solution File, Format Version 12.00
# Visual Studio 15
VisualStudioVersion = 15.0.28307.1022
MinimumVisualStudioVersion = 10.0.40219.1
Project("{8BC9CEB8-8B4A-11D0-8D11-00A0C91BC942}") = "game_analyzer", "game_analyzer.vcxproj", "{3EA6EDD9-9922-4AED-B005-11E418178FC4}"
EndProject
Global
	GlobalSection(SolutionConfigurationPlatforms) = preSolution
		Debug|x86 = Debug|x86
		Release|x86 = Release|x86
	EndGlobalSection
	GlobalSection(ProjectConfigurationPlatforms) = postSolution
		{3EA6EDD9-9922-4AED-B005-11E418178FC4}.Debug|x64.ActiveCfg = Debug|Win32
		{3EA6EDD9-9922-4AED-B005-11E418178FC4}.Debug|x86.ActiveCfg = Debug|Win32
		{3EA6EDD9-9922-4AED-B005-11E418178FC4}.Debug|x86.Build.0 = Debug|Win32
		{3EA6EDD9-9922-4AED-B005-11E418178FC4}.Release|x64.ActiveCfg = Release|Win32
		{3EA6EDD9-9922-4AED-B005-11E418178FC4}.Release|x86.ActiveCfg = Release|Win32
		{3EA6EDD9-9922-4AED-B005-11E418178FC4}.Release|x86.Build.0 = Release|Win32
	EndGlobalSection
	GlobalSection(SolutionProperties) = preSolution
		HideSolutionNode = FALSE
	EndGlobalSection
	GlobalSection(ExtensibilityGlobals) = postSolution
		SolutionGuid = {27063D90-8FA0-461B-831C-7EDC94BBB13A}
	EndGlobalSection
EndGlobal
