<?xml version="1.0" encoding="utf-8"?>
<Project ToolsVersion="4.0" xmlns="http://schemas.microsoft.com/developer/msbuild/2003">
  <ItemGroup>
    <Filter Include="Source files">
      <UniqueIdentifier>{c0956be6-ce80-4ea2-8d2e-0a94bf1155c6}</UniqueIdentifier>
      <Extensions>cpp;c;cc;cxx;def;odl;idl;hpj;bat;asm;asmx</Extensions>
    </Filter>
    <Filter Include="Header files">
      <UniqueIdentifier>{1a5e2b2e-09f2-4841-a8b4-c37e0af848b2}</UniqueIdentifier>
      <Extensions>h;hpp;hxx;hm;inl;inc;xsd</Extensions>
    </Filter>
    <Filter Include="Resource files">
      <UniqueIdentifier>{e788a1ee-5d63-4e80-933c-811804e97b82}</UniqueIdentifier>
      <Extensions>rc;ico;cur;bmp;dlg;rc2;rct;bin;rgs;gif;jpg;jpeg;jpe;resx;tiff;tif;png;wav</Extensions>
    </Filter>
    <Filter Include="Make files">
      <UniqueIdentifier>{f16737d9-5c04-4281-bc49-f030c3ff5c92}</UniqueIdentifier>
    </Filter>
    <Filter Include="VisualGDB settings">
      <UniqueIdentifier>{ba907c6b-50c2-42ef-962b-f2a9877d282c}</UniqueIdentifier>
    </Filter>
  </ItemGroup>
  <ItemGroup>
    <ClCompile Include="Game_Server.cpp">
      <Filter>Source files</Filter>
    </ClCompile>
    <None Include="debug.mak">
      <Filter>Make files</Filter>
    </None>
    <None Include="release.mak">
      <Filter>Make files</Filter>
    </None>
    <None Include="Game_Server-Debug.vgdbsettings">
      <Filter>VisualGDB settings</Filter>
    </None>
    <None Include="Game_Server-Release.vgdbsettings">
      <Filter>VisualGDB settings</Filter>
    </None>
    <ClCompile Include="TcpServer\TcpMarketDataServer.cpp">
      <Filter>Source files</Filter>
    </ClCompile>
    <ClCompile Include="Game\Game.cpp">
      <Filter>Source files</Filter>
    </ClCompile>
    <ClCompile Include="Game\Auction.cpp">
      <Filter>Source files</Filter>
    </ClCompile>
    <ClCompile Include="Game\Player.cpp">
      <Filter>Source files</Filter>
    </ClCompile>
  </ItemGroup>
  <ItemGroup>
    <None Include="Makefile" />
  </ItemGroup>
  <ItemGroup>
    <ClInclude Include="TcpServer\TcpMarketDataServer.h">
      <Filter>Header files</Filter>
    </ClInclude>
    <ClInclude Include="TcpServer\DataStructures.h">
      <Filter>Header files</Filter>
    </ClInclude>
    <ClInclude Include="Game\Game.h">
      <Filter>Header files</Filter>
    </ClInclude>
    <ClInclude Include="Game\Auction.h">
      <Filter>Header files</Filter>
    </ClInclude>
    <ClInclude Include="Game\Player.h">
      <Filter>Header files</Filter>
    </ClInclude>
    <ClInclude Include="Game\ActiveRequests.h">
      <Filter>Header files</Filter>
    </ClInclude>
  </ItemGroup>
</Project>